
Microsoft Visual Studio Solution File, Format Version 12.00
# Visual Studio Version 17
VisualStudioVersion = 17.3.32929.385
MinimumVisualStudioVersion = 10.0.40219.1
Project("{8BC9CEB8-8B4A-11D0-8D11-00A0C91BC942}") = "HappyFace", "HappyFace\HappyFace.vcxproj", "{6A1B3DCC-D7B6-4EF2-B2EE-B7C80E45EB21}"
EndProject
Global
	GlobalSection(SolutionConfigurationPlatforms) = preSolution
		Debug|x64 = Debug|x64
		Debug|x86 = Debug|x86
		Release|x64 = Release|x64
		Release|x86 = Release|x86
	EndGlobalSection
	GlobalSection(ProjectConfigurationPlatforms) = postSolution
		{6A1B3DCC-D7B6-4EF2-B2EE-B7C80E45EB21}.Debug|x64.ActiveCfg = Debug|x64
		{6A1B3DCC-D7B6-4EF2-B2EE-B7C80E45EB21}.Debug|x64.Build.0 = Debug|x64
		{6A1B3DCC-D7B6-4EF2-B2EE-B7C80E45EB21}.Debug|x86.ActiveCfg = Debug|Win32
		{6A1B3DCC-D7B6-4EF2-B2EE-B7C80E45EB21}.Debug|x86.Build.0 = Debug|Win32
		{6A1B3DCC-D7B6-4EF2-B2EE-B7C80E45EB21}.Release|x64.ActiveCfg = Release|x64
		{6A1B3DCC-D7B6-4EF2-B2EE-B7C80E45EB21}.Release|x64.Build.0 = Release|x64
		{6A1B3DCC-D7B6-4EF2-B2EE-B7C80E45EB21}.Release|x86.ActiveCfg = Release|Win32
		{6A1B3DCC-D7B6-4EF2-B2EE-B7C80E45EB21}.Release|x86.Build.0 = Release|Win32
	EndGlobalSection
	GlobalSection(SolutionProperties) = preSolution
		HideSolutionNode = FALSE
	EndGlobalSection
	GlobalSection(ExtensibilityGlobals) = postSolution
		SolutionGuid = {8DE581FC-3DC1-4FF2-AB15-D07BABB93520}
	EndGlobalSection
EndGlobal
